{
  "name": "scheduler",
  "version": "1.0.0",
  "lockfileVersion": 1,
  "requires": true,
  "dependencies": {
    "@c_kai/scheduler": {
      "version": "1.0.2",
      "resolved": "https://registry.npm.taobao.org/@c_kai/scheduler/download/@c_kai/scheduler-1.0.2.tgz",
      "integrity": "sha1-NnzKF+ArrbXgmp8KH+rNn3/0Wus="
    },
    "workerpool": {
      "version": "5.0.1",
      "resolved": "https://registry.npm.taobao.org/workerpool/download/workerpool-5.0.1.tgz",
      "integrity": "sha1-u6+ndAZsD0PfzpR+wgQD1/uHtRk="
    }
  }
}
